// !$*UTF8*$!
{
	archiveVersion = 1;
	classes = {
	};
	objectVersion = 48;
	objects = {

/* Begin PBXBuildFile section */
		CB240B2B1FE4FF0100AA45FF /* AppDelegate.m in Sources */ = {isa = PBXBuildFile; fileRef = CB240B2A1FE4FF0100AA45FF /* AppDelegate.m */; };
		CB240B311FE4FF0100AA45FF /* Main.storyboard in Resources */ = {isa = PBXBuildFile; fileRef = CB240B2F1FE4FF0100AA45FF /* Main.storyboard */; };
		CB240B331FE4FF0100AA45FF /* Assets.xcassets in Resources */ = {isa = PBXBuildFile; fileRef = CB240B321FE4FF0100AA45FF /* Assets.xcassets */; };
		CB240B361FE4FF0100AA45FF /* LaunchScreen.storyboard in Resources */ = {isa = PBXBuildFile; fileRef = CB240B341FE4FF0100AA45FF /* LaunchScreen.storyboard */; };
		CB240B391FE4FF0100AA45FF /* main.m in Sources */ = {isa = PBXBuildFile; fileRef = CB240B381FE4FF0100AA45FF /* main.m */; };
		CB240B431FE4FF0100AA45FF /* testProjectTests.m in Sources */ = {isa = PBXBuildFile; fileRef = CB240B421FE4FF0100AA45FF /* testProjectTests.m */; };
		CB240B4E1FE4FF0200AA45FF /* testProjectUITests.m in Sources */ = {isa = PBXBuildFile; fileRef = CB240B4D1FE4FF0200AA45FF /* testProjectUITests.m */; };
		CB6466D2202EEA1D00533181 /* ViewController.m in Sources */ = {isa = PBXBuildFile; fileRef = CB6466CD202EEA1D00533181 /* ViewController.m */; };
		CB6466D3202EEA1D00533181 /* DismissAnimation.m in Sources */ = {isa = PBXBuildFile; fileRef = CB6466CE202EEA1D00533181 /* DismissAnimation.m */; };
		CB6466D4202EEA1D00533181 /* secondViewController.m in Sources */ = {isa = PBXBuildFile; fileRef = CB6466CF202EEA1D00533181 /* secondViewController.m */; };
/* End PBXBuildFile section */

/* Begin PBXContainerItemProxy section */
		CB240B3F1FE4FF0100AA45FF /* PBXContainerItemProxy */ = {
			isa = PBXContainerItemProxy;
			containerPortal = CB240B1E1FE4FF0100AA45FF /* Project object */;
			proxyType = 1;
			remoteGlobalIDString = CB240B251FE4FF0100AA45FF;
			remoteInfo = testProject;
		};
		CB240B4A1FE4FF0200AA45FF /* PBXContainerItemProxy */ = {
			isa = PBXContainerItemProxy;
			containerPortal = CB240B1E1FE4FF0100AA45FF /* Project object */;
			proxyType = 1;
			remoteGlobalIDString = CB240B251FE4FF0100AA45FF;
			remoteInfo = testProject;
		};
/* End PBXContainerItemProxy section */

/* Begin PBXFileReference section */
		CB240B261FE4FF0100AA45FF /* testProject.app */ = {isa = PBXFileReference; explicitFileType = wrapper.application; includeInIndex = 0; path = testProject.app; sourceTree = BUILT_PRODUCTS_DIR; };
		CB240B291FE4FF0100AA45FF /* AppDelegate.h */ = {isa = PBXFileReference; lastKnownFileType = sourcecode.c.h; path = AppDelegate.h; sourceTree = "<group>"; };
		CB240B2A1FE4FF0100AA45FF /* AppDelegate.m */ = {isa = PBXFileReference; lastKnownFileType = sourcecode.c.objc; path = AppDelegate.m; sourceTree = "<group>"; };
		CB240B301FE4FF0100AA45FF /* Base */ = {isa = PBXFileReference; lastKnownFileType = file.storyboard; name = Base; path = Base.lproj/Main.storyboard; sourceTree = "<group>"; };
		CB240B321FE4FF0100AA45FF /* Assets.xcassets */ = {isa = PBXFileReference; lastKnownFileType = folder.assetcatalog; path = Assets.xcassets; sourceTree = "<group>"; };
		CB240B351FE4FF0100AA45FF /* Base */ = {isa = PBXFileReference; lastKnownFileType = file.storyboard; name = Base; path = Base.lproj/LaunchScreen.storyboard; sourceTree = "<group>"; };
		CB240B371FE4FF0100AA45FF /* Info.plist */ = {isa = PBXFileReference; lastKnownFileType = text.plist.xml; path = Info.plist; sourceTree = "<group>"; };
		CB240B381FE4FF0100AA45FF /* main.m */ = {isa = PBXFileReference; lastKnownFileType = sourcecode.c.objc; path = main.m; sourceTree = "<group>"; };
		CB240B3E1FE4FF0100AA45FF /* testProjectTests.xctest */ = {isa = PBXFileReference; explicitFileType = wrapper.cfbundle; includeInIndex = 0; path = testProjectTests.xctest; sourceTree = BUILT_PRODUCTS_DIR; };
		CB240B421FE4FF0100AA45FF /* testProjectTests.m */ = {isa = PBXFileReference; lastKnownFileType = sourcecode.c.objc; path = testProjectTests.m; sourceTree = "<group>"; };
		CB240B441FE4FF0100AA45FF /* Info.plist */ = {isa = PBXFileReference; lastKnownFileType = text.plist.xml; path = Info.plist; sourceTree = "<group>"; };
		CB240B491FE4FF0200AA45FF /* testProjectUITests.xctest */ = {isa = PBXFileReference; explicitFileType = wrapper.cfbundle; includeInIndex = 0; path = testProjectUITests.xctest; sourceTree = BUILT_PRODUCTS_DIR; };
		CB240B4D1FE4FF0200AA45FF /* testProjectUITests.m */ = {isa = PBXFileReference; lastKnownFileType = sourcecode.c.objc; path = testProjectUITests.m; sourceTree = "<group>"; };
		CB240B4F1FE4FF0200AA45FF /* Info.plist */ = {isa = PBXFileReference; lastKnownFileType = text.plist.xml; path = Info.plist; sourceTree = "<group>"; };
		CB6466CC202EEA1D00533181 /* secondViewController.h */ = {isa = PBXFileReference; fileEncoding = 4; lastKnownFileType = sourcecode.c.h; path = secondViewController.h; sourceTree = "<group>"; };
		CB6466CD202EEA1D00533181 /* ViewController.m */ = {isa = PBXFileReference; fileEncoding = 4; lastKnownFileType = sourcecode.c.objc; path = ViewController.m; sourceTree = "<group>"; };
		CB6466CE202EEA1D00533181 /* DismissAnimation.m */ = {isa = PBXFileReference; fileEncoding = 4; lastKnownFileType = sourcecode.c.objc; path = DismissAnimation.m; sourceTree = "<group>"; };
		CB6466CF202EEA1D00533181 /* secondViewController.m */ = {isa = PBXFileReference; fileEncoding = 4; lastKnownFileType = sourcecode.c.objc; path = secondViewController.m; sourceTree = "<group>"; };
		CB6466D0202EEA1D00533181 /* DismissAnimation.h */ = {isa = PBXFileReference; fileEncoding = 4; lastKnownFileType = sourcecode.c.h; path = DismissAnimation.h; sourceTree = "<group>"; };
		CB6466D1202EEA1D00533181 /* ViewController.h */ = {isa = PBXFileReference; fileEncoding = 4; lastKnownFileType = sourcecode.c.h; path = ViewController.h; sourceTree = "<group>"; };
/* End PBXFileReference section */

/* Begin PBXFrameworksBuildPhase section */
		CB240B231FE4FF0100AA45FF /* Frameworks */ = {
			isa = PBXFrameworksBuildPhase;
			buildActionMask = 2147483647;
			files = (
			);
			runOnlyForDeploymentPostprocessing = 0;
		};
		CB240B3B1FE4FF0100AA45FF /* Frameworks */ = {
			isa = PBXFrameworksBuildPhase;
			buildActionMask = 2147483647;
			files = (
			);
			runOnlyForDeploymentPostprocessing = 0;
		};
		CB240B461FE4FF0200AA45FF /* Frameworks */ = {
			isa = PBXFrameworksBuildPhase;
			buildActionMask = 2147483647;
			files = (
			);
			runOnlyForDeploymentPostprocessing = 0;
		};
/* End PBXFrameworksBuildPhase section */

/* Begin PBXGroup section */
		CB240B1D1FE4FF0100AA45FF = {
			isa = PBXGroup;
			children = (
				CB240B281FE4FF0100AA45FF /* testProject */,
				CB240B411FE4FF0100AA45FF /* testProjectTests */,
				CB240B4C1FE4FF0200AA45FF /* testProjectUITests */,
				CB240B271FE4FF0100AA45FF /* Products */,
			);
			sourceTree = "<group>";
		};
		CB240B271FE4FF0100AA45FF /* Products */ = {
			isa = PBXGroup;
			children = (
				CB240B261FE4FF0100AA45FF /* testProject.app */,
				CB240B3E1FE4FF0100AA45FF /* testProjectTests.xctest */,
				CB240B491FE4FF0200AA45FF /* testProjectUITests.xctest */,
			);
			name = Products;
			sourceTree = "<group>";
		};
		CB240B281FE4FF0100AA45FF /* testProject */ = {
			isa = PBXGroup;
			children = (
				CB6466CB202EEA1D00533181 /* testprojectv */,
				CB240B291FE4FF0100AA45FF /* AppDelegate.h */,
				CB240B2A1FE4FF0100AA45FF /* AppDelegate.m */,
				CB240B2F1FE4FF0100AA45FF /* Main.storyboard */,
				CB240B321FE4FF0100AA45FF /* Assets.xcassets */,
				CB240B341FE4FF0100AA45FF /* LaunchScreen.storyboard */,
				CB240B371FE4FF0100AA45FF /* Info.plist */,
				CB240B381FE4FF0100AA45FF /* main.m */,
			);
			path = testProject;
			sourceTree = "<group>";
		};
		CB240B411FE4FF0100AA45FF /* testProjectTests */ = {
			isa = PBXGroup;
			children = (
				CB240B421FE4FF0100AA45FF /* testProjectTests.m */,
				CB240B441FE4FF0100AA45FF /* Info.plist */,
			);
			path = testProjectTests;
			sourceTree = "<group>";
		};
		CB240B4C1FE4FF0200AA45FF /* testProjectUITests */ = {
			isa = PBXGroup;
			children = (
				CB240B4D1FE4FF0200AA45FF /* testProjectUITests.m */,
				CB240B4F1FE4FF0200AA45FF /* Info.plist */,
			);
			path = testProjectUITests;
			sourceTree = "<group>";
		};
		CB6466CB202EEA1D00533181 /* testprojectv */ = {
			isa = PBXGroup;
			children = (
				CB6466CC202EEA1D00533181 /* secondViewController.h */,
				CB6466CD202EEA1D00533181 /* ViewController.m */,
				CB6466CE202EEA1D00533181 /* DismissAnimation.m */,
				CB6466CF202EEA1D00533181 /* secondViewController.m */,
				CB6466D0202EEA1D00533181 /* DismissAnimation.h */,
				CB6466D1202EEA1D00533181 /* ViewController.h */,
			);
			name = testprojectv;
			path = ../../testprojectv;
			sourceTree = "<group>";
		};
/* End PBXGroup section */

/* Begin PBXNativeTarget section */
		CB240B251FE4FF0100AA45FF /* testProject */ = {
			isa = PBXNativeTarget;
			buildConfigurationList = CB240B521FE4FF0200AA45FF /* Build configuration list for PBXNativeTarget "testProject" */;
			buildPhases = (
				CB240B221FE4FF0100AA45FF /* Sources */,
				CB240B231FE4FF0100AA45FF /* Frameworks */,
				CB240B241FE4FF0100AA45FF /* Resources */,
			);
			buildRules = (
			);
			dependencies = (
			);
			name = testProject;
			productName = testProject;
			productReference = CB240B261FE4FF0100AA45FF /* testProject.app */;
			productType = "com.apple.product-type.application";
		};
		CB240B3D1FE4FF0100AA45FF /* testProjectTests */ = {
			isa = PBXNativeTarget;
			buildConfigurationList = CB240B551FE4FF0200AA45FF /* Build configuration list for PBXNativeTarget "testProjectTests" */;
			buildPhases = (
				CB240B3A1FE4FF0100AA45FF /* Sources */,
				CB240B3B1FE4FF0100AA45FF /* Frameworks */,
				CB240B3C1FE4FF0100AA45FF /* Resources */,
			);
			buildRules = (
			);
			dependencies = (
				CB240B401FE4FF0100AA45FF /* PBXTargetDependency */,
			);
			name = testProjectTests;
			productName = testProjectTests;
			productReference = CB240B3E1FE4FF0100AA45FF /* testProjectTests.xctest */;
			productType = "com.apple.product-type.bundle.unit-test";
		};
		CB240B481FE4FF0200AA45FF /* testProjectUITests */ = {
			isa = PBXNativeTarget;
			buildConfigurationList = CB240B581FE4FF0200AA45FF /* Build configuration list for PBXNativeTarget "testProjectUITests" */;
			buildPhases = (
				CB240B451FE4FF0200AA45FF /* Sources */,
				CB240B461FE4FF0200AA45FF /* Frameworks */,
				CB240B471FE4FF0200AA45FF /* Resources */,
			);
			buildRules = (
			);
			dependencies = (
				CB240B4B1FE4FF0200AA45FF /* PBXTargetDependency */,
			);
			name = testProjectUITests;
			productName = testProjectUITests;
			productReference = CB240B491FE4FF0200AA45FF /* testProjectUITests.xctest */;
			productType = "com.apple.product-type.bundle.ui-testing";
		};
/* End PBXNativeTarget section */

/* Begin PBXProject section */
		CB240B1E1FE4FF0100AA45FF /* Project object */ = {
			isa = PBXProject;
			attributes = {
				LastUpgradeCheck = 0910;
				ORGANIZATIONNAME = zhangyaowu;
				TargetAttributes = {
					CB240B251FE4FF0100AA45FF = {
						CreatedOnToolsVersion = 9.1;
						ProvisioningStyle = Automatic;
					};
					CB240B3D1FE4FF0100AA45FF = {
						CreatedOnToolsVersion = 9.1;
						ProvisioningStyle = Automatic;
						TestTargetID = CB240B251FE4FF0100AA45FF;
					};
					CB240B481FE4FF0200AA45FF = {
						CreatedOnToolsVersion = 9.1;
						ProvisioningStyle = Automatic;
						TestTargetID = CB240B251FE4FF0100AA45FF;
					};
				};
			};
			buildConfigurationList = CB240B211FE4FF0100AA45FF /* Build configuration list for PBXProject "testProject" */;
			compatibilityVersion = "Xcode 8.0";
			developmentRegion = en;
			hasScannedForEncodings = 0;
			knownRegions = (
				en,
				Base,
			);
			mainGroup = CB240B1D1FE4FF0100AA45FF;
			productRefGroup = CB240B271FE4FF0100AA45FF /* Products */;
			projectDirPath = "";
			projectRoot = "";
			targets = (
				CB240B251FE4FF0100AA45FF /* testProject */,
				CB240B3D1FE4FF0100AA45FF /* testProjectTests */,
				CB240B481FE4FF0200AA45FF /* testProjectUITests */,
			);
		};
/* End PBXProject section */

/* Begin PBXResourcesBuildPhase section */
		CB240B241FE4FF0100AA45FF /* Resources */ = {
			isa = PBXResourcesBuildPhase;
			buildActionMask = 2147483647;
			files = (
				CB240B361FE4FF0100AA45FF /* LaunchScreen.storyboard in Resources */,
				CB240B331FE4FF0100AA45FF /* Assets.xcassets in Resources */,
				CB240B311FE4FF0100AA45FF /* Main.storyboard in Resources */,
			);
			runOnlyForDeploymentPostprocessing = 0;
		};
		CB240B3C1FE4FF0100AA45FF /* Resources */ = {
			isa = PBXResourcesBuildPhase;
			buildActionMask = 2147483647;
			files = (
			);
			runOnlyForDeploymentPostprocessing = 0;
		};
		CB240B471FE4FF0200AA45FF /* Resources */ = {
			isa = PBXResourcesBuildPhase;
			buildActionMask = 2147483647;
			files = (
			);
			runOnlyForDeploymentPostprocessing = 0;
		};
/* End PBXResourcesBuildPhase section */

/* Begin PBXSourcesBuildPhase section */
		CB240B221FE4FF0100AA45FF /* Sources */ = {
			isa = PBXSourcesBuildPhase;
			buildActionMask = 2147483647;
			files = (
				CB6466D2202EEA1D00533181 /* ViewController.m in Sources */,
				CB240B391FE4FF0100AA45FF /* main.m in Sources */,
				CB6466D3202EEA1D00533181 /* DismissAnimation.m in Sources */,
				CB6466D4202EEA1D00533181 /* secondViewController.m in Sources */,
				CB240B2B1FE4FF0100AA45FF /* AppDelegate.m in Sources */,
			);
			runOnlyForDeploymentPostprocessing = 0;
		};
		CB240B3A1FE4FF0100AA45FF /* Sources */ = {
			isa = PBXSourcesBuildPhase;
			buildActionMask = 2147483647;
			files = (
				CB240B431FE4FF0100AA45FF /* testProjectTests.m in Sources */,
			);
			runOnlyForDeploymentPostprocessing = 0;
		};
		CB240B451FE4FF0200AA45FF /* Sources */ = {
			isa = PBXSourcesBuildPhase;
			buildActionMask = 2147483647;
			files = (
				CB240B4E1FE4FF0200AA45FF /* testProjectUITests.m in Sources */,
			);
			runOnlyForDeploymentPostprocessing = 0;
		};
/* End PBXSourcesBuildPhase section */

/* Begin PBXTargetDependency section */
		CB240B401FE4FF0100AA45FF /* PBXTargetDependency */ = {
			isa = PBXTargetDependency;
			target = CB240B251FE4FF0100AA45FF /* testProject */;
			targetProxy = CB240B3F1FE4FF0100AA45FF /* PBXContainerItemProxy */;
		};
		CB240B4B1FE4FF0200AA45FF /* PBXTargetDependency */ = {
			isa = PBXTargetDependency;
			target = CB240B251FE4FF0100AA45FF /* testProject */;
			targetProxy = CB240B4A1FE4FF0200AA45FF /* PBXContainerItemProxy */;
		};
/* End PBXTargetDependency section */

/* Begin PBXVariantGroup section */
		CB240B2F1FE4FF0100AA45FF /* Main.storyboard */ = {
			isa = PBXVariantGroup;
			children = (
				CB240B301FE4FF0100AA45FF /* Base */,
			);
			name = Main.storyboard;
			sourceTree = "<group>";
		};
		CB240B341FE4FF0100AA45FF /* LaunchScreen.storyboard */ = {
			isa = PBXVariantGroup;
			children = (
				CB240B351FE4FF0100AA45FF /* Base */,
			);
			name = LaunchScreen.storyboard;
			sourceTree = "<group>";
		};
/* End PBXVariantGroup section */

/* Begin XCBuildConfiguration section */
		CB240B501FE4FF0200AA45FF /* Debug */ = {
			isa = XCBuildConfiguration;
			buildSettings = {
				ALWAYS_SEARCH_USER_PATHS = NO;
				CLANG_ANALYZER_NONNULL = YES;
				CLANG_ANALYZER_NUMBER_OBJECT_CONVERSION = YES_AGGRESSIVE;
				CLANG_CXX_LANGUAGE_STANDARD = "gnu++14";
				CLANG_CXX_LIBRARY = "libc++";
				CLANG_ENABLE_MODULES = YES;
				CLANG_ENABLE_OBJC_ARC = YES;
				CLANG_WARN_BLOCK_CAPTURE_AUTORELEASING = YES;
				CLANG_WARN_BOOL_CONVERSION = YES;
				CLANG_WARN_COMMA = YES;
				CLANG_WARN_CONSTANT_CONVERSION = YES;
				CLANG_WARN_DIRECT_OBJC_ISA_USAGE = YES_ERROR;
				CLANG_WARN_DOCUMENTATION_COMMENTS = YES;
				CLANG_WARN_EMPTY_BODY = YES;
				CLANG_WARN_ENUM_CONVERSION = YES;
				CLANG_WARN_INFINITE_RECURSION = YES;
				CLANG_WARN_INT_CONVERSION = YES;
				CLANG_WARN_NON_LITERAL_NULL_CONVERSION = YES;
				CLANG_WARN_OBJC_LITERAL_CONVERSION = YES;
				CLANG_WARN_OBJC_ROOT_CLASS = YES_ERROR;
				CLANG_WARN_RANGE_LOOP_ANALYSIS = YES;
				CLANG_WARN_STRICT_PROTOTYPES = YES;
				CLANG_WARN_SUSPICIOUS_MOVE = YES;
				CLANG_WARN_UNGUARDED_AVAILABILITY = YES_AGGRESSIVE;
				CLANG_WARN_UNREACHABLE_CODE = YES;
				CLANG_WARN__DUPLICATE_METHOD_MATCH = YES;
				CODE_SIGN_IDENTITY = "iPhone Developer";
				COPY_PHASE_STRIP = NO;
				DEBUG_INFORMATION_FORMAT = dwarf;
				ENABLE_STRICT_OBJC_MSGSEND = YES;
				ENABLE_TESTABILITY = YES;
				GCC_C_LANGUAGE_STANDARD = gnu11;
				GCC_DYNAMIC_NO_PIC = NO;
				GCC_NO_COMMON_BLOCKS = YES;
				GCC_OPTIMIZATION_LEVEL = 0;
				GCC_PREPROCESSOR_DEFINITIONS = (
					"DEBUG=1",
					"$(inherited)",
				);
				GCC_WARN_64_TO_32_BIT_CONVERSION = YES;
				GCC_WARN_ABOUT_RETURN_TYPE = YES_ERROR;
				GCC_WARN_UNDECLARED_SELECTOR = YES;
				GCC_WARN_UNINITIALIZED_AUTOS = YES_AGGRESSIVE;
				GCC_WARN_UNUSED_FUNCTION = YES;
				GCC_WARN_UNUSED_VARIABLE = YES;
				IPHONEOS_DEPLOYMENT_TARGET = 11.1;
				MTL_ENABLE_DEBUG_INFO = YES;
				ONLY_ACTIVE_ARCH = YES;
				SDKROOT = iphoneos;
			};
			name = Debug;
		};
		CB240B511FE4FF0200AA45FF /* Release */ = {
			isa = XCBuildConfiguration;
			buildSettings = {
				ALWAYS_SEARCH_USER_PATHS = NO;
				CLANG_ANALYZER_NONNULL = YES;
				CLANG_ANALYZER_NUMBER_OBJECT_CONVERSION = YES_AGGRESSIVE;
				CLANG_CXX_LANGUAGE_STANDARD = "gnu++14";
				CLANG_CXX_LIBRARY = "libc++";
				CLANG_ENABLE_MODULES = YES;
				CLANG_ENABLE_OBJC_ARC = YES;
				CLANG_WARN_BLOCK_CAPTURE_AUTORELEASING = YES;
				CLANG_WARN_BOOL_CONVERSION = YES;
				CLANG_WARN_COMMA = YES;
				CLANG_WARN_CONSTANT_CONVERSION = YES;
				CLANG_WARN_DIRECT_OBJC_ISA_USAGE = YES_ERROR;
				CLANG_WARN_DOCUMENTATION_COMMENTS = YES;
				CLANG_WARN_EMPTY_BODY = YES;
				CLANG_WARN_ENUM_CONVERSION = YES;
				CLANG_WARN_INFINITE_RECURSION = YES;
				CLANG_WARN_INT_CONVERSION = YES;
				CLANG_WARN_NON_LITERAL_NULL_CONVERSION = YES;
				CLANG_WARN_OBJC_LITERAL_CONVERSION = YES;
				CLANG_WARN_OBJC_ROOT_CLASS = YES_ERROR;
				CLANG_WARN_RANGE_LOOP_ANALYSIS = YES;
				CLANG_WARN_STRICT_PROTOTYPES = YES;
				CLANG_WARN_SUSPICIOUS_MOVE = YES;
				CLANG_WARN_UNGUARDED_AVAILABILITY = YES_AGGRESSIVE;
				CLANG_WARN_UNREACHABLE_CODE = YES;
				CLANG_WARN__DUPLICATE_METHOD_MATCH = YES;
				CODE_SIGN_IDENTITY = "iPhone Developer";
				COPY_PHASE_STRIP = NO;
				DEBUG_INFORMATION_FORMAT = "dwarf-with-dsym";
				ENABLE_NS_ASSERTIONS = NO;
				ENABLE_STRICT_OBJC_MSGSEND = YES;
				GCC_C_LANGUAGE_STANDARD = gnu11;
				GCC_NO_COMMON_BLOCKS = YES;
				GCC_WARN_64_TO_32_BIT_CONVERSION = YES;
				GCC_WARN_ABOUT_RETURN_TYPE = YES_ERROR;
				GCC_WARN_UNDECLARED_SELECTOR = YES;
				GCC_WARN_UNINITIALIZED_AUTOS = YES_AGGRESSIVE;
				GCC_WARN_UNUSED_FUNCTION = YES;
				GCC_WARN_UNUSED_VARIABLE = YES;
				IPHONEOS_DEPLOYMENT_TARGET = 11.1;
				MTL_ENABLE_DEBUG_INFO = NO;
				SDKROOT = iphoneos;
				VALIDATE_PRODUCT = YES;
			};
			name = Release;
		};
		CB240B531FE4FF0200AA45FF /* Debug */ = {
			isa = XCBuildConfiguration;
			buildSettings = {
				ASSETCATALOG_COMPILER_APPICON_NAME = AppIcon;
				CODE_SIGN_STYLE = Automatic;
				INFOPLIST_FILE = testProject/Info.plist;
				LD_RUNPATH_SEARCH_PATHS = "$(inherited) @executable_path/Frameworks";
				PRODUCT_BUNDLE_IDENTIFIER = com.zyw.first.testProject;
				PRODUCT_NAME = "$(TARGET_NAME)";
				TARGETED_DEVICE_FAMILY = "1,2";
			};
			name = Debug;
		};
		CB240B541FE4FF0200AA45FF /* Release */ = {
			isa = XCBuildConfiguration;
			buildSettings = {
				ASSETCATALOG_COMPILER_APPICON_NAME = AppIcon;
				CODE_SIGN_STYLE = Automatic;
				INFOPLIST_FILE = testProject/Info.plist;
				LD_RUNPATH_SEARCH_PATHS = "$(inherited) @executable_path/Frameworks";
				PRODUCT_BUNDLE_IDENTIFIER = com.zyw.first.testProject;
				PRODUCT_NAME = "$(TARGET_NAME)";
				TARGETED_DEVICE_FAMILY = "1,2";
			};
			name = Release;
		};
		CB240B561FE4FF0200AA45FF /* Debug */ = {
			isa = XCBuildConfiguration;
			buildSettings = {
				BUNDLE_LOADER = "$(TEST_HOST)";
				CODE_SIGN_STYLE = Automatic;
				INFOPLIST_FILE = testProjectTests/Info.plist;
				LD_RUNPATH_SEARCH_PATHS = "$(inherited) @executable_path/Frameworks @loader_path/Frameworks";
				PRODUCT_BUNDLE_IDENTIFIER = com.zyw.first.testProjectTests;
				PRODUCT_NAME = "$(TARGET_NAME)";
				TARGETED_DEVICE_FAMILY = "1,2";
				TEST_HOST = "$(BUILT_PRODUCTS_DIR)/testProject.app/testProject";
			};
			name = Debug;
		};
		CB240B571FE4FF0200AA45FF /* Release */ = {
			isa = XCBuildConfiguration;
			buildSettings = {
				BUNDLE_LOADER = "$(TEST_HOST)";
				CODE_SIGN_STYLE = Automatic;
				INFOPLIST_FILE = testProjectTests/Info.plist;
				LD_RUNPATH_SEARCH_PATHS = "$(inherited) @executable_path/Frameworks @loader_path/Frameworks";
				PRODUCT_BUNDLE_IDENTIFIER = com.zyw.first.testProjectTests;
				PRODUCT_NAME = "$(TARGET_NAME)";
				TARGETED_DEVICE_FAMILY = "1,2";
				TEST_HOST = "$(BUILT_PRODUCTS_DIR)/testProject.app/testProject";
			};
			name = Release;
		};
		CB240B591FE4FF0200AA45FF /* Debug */ = {
			isa = XCBuildConfiguration;
			buildSettings = {
				CODE_SIGN_STYLE = Automatic;
				INFOPLIST_FILE = testProjectUITests/Info.plist;
				LD_RUNPATH_SEARCH_PATHS = "$(inherited) @executable_path/Frameworks @loader_path/Frameworks";
				PRODUCT_BUNDLE_IDENTIFIER = com.zyw.first.testProjectUITests;
				PRODUCT_NAME = "$(TARGET_NAME)";
				TARGETED_DEVICE_FAMILY = "1,2";
				TEST_TARGET_NAME = testProject;
			};
			name = Debug;
		};
		CB240B5A1FE4FF0200AA45FF /* Release */ = {
			isa = XCBuildConfiguration;
			buildSettings = {
				CODE_SIGN_STYLE = Automatic;
				INFOPLIST_FILE = testProjectUITests/Info.plist;
				LD_RUNPATH_SEARCH_PATHS = "$(inherited) @executable_path/Frameworks @loader_path/Frameworks";
				PRODUCT_BUNDLE_IDENTIFIER = com.zyw.first.testProjectUITests;
				PRODUCT_NAME = "$(TARGET_NAME)";
				TARGETED_DEVICE_FAMILY = "1,2";
				TEST_TARGET_NAME = testProject;
			};
			name = Release;
		};
/* End XCBuildConfiguration section */

/* Begin XCConfigurationList section */
		CB240B211FE4FF0100AA45FF /* Build configuration list for PBXProject "testProject" */ = {
			isa = XCConfigurationList;
			buildConfigurations = (
				CB240B501FE4FF0200AA45FF /* Debug */,
				CB240B511FE4FF0200AA45FF /* Release */,
			);
			defaultConfigurationIsVisible = 0;
			defaultConfigurationName = Release;
		};
		CB240B521FE4FF0200AA45FF /* Build configuration list for PBXNativeTarget "testProject" */ = {
			isa = XCConfigurationList;
			buildConfigurations = (
				CB240B531FE4FF0200AA45FF /* Debug */,
				CB240B541FE4FF0200AA45FF /* Release */,
			);
			defaultConfigurationIsVisible = 0;
			defaultConfigurationName = Release;
		};
		CB240B551FE4FF0200AA45FF /* Build configuration list for PBXNativeTarget "testProjectTests" */ = {
			isa = XCConfigurationList;
			buildConfigurations = (
				CB240B561FE4FF0200AA45FF /* Debug */,
				CB240B571FE4FF0200AA45FF /* Release */,
			);
			defaultConfigurationIsVisible = 0;
			defaultConfigurationName = Release;
		};
		CB240B581FE4FF0200AA45FF /* Build configuration list for PBXNativeTarget "testProjectUITests" */ = {
			isa = XCConfigurationList;
			buildConfigurations = (
				CB240B591FE4FF0200AA45FF /* Debug */,
				CB240B5A1FE4FF0200AA45FF /* Release */,
			);
			defaultConfigurationIsVisible = 0;
			defaultConfigurationName = Release;
		};
/* End XCConfigurationList section */
	};
	rootObject = CB240B1E1FE4FF0100AA45FF /* Project object */;
}
